// !$*UTF8*$!
{
	archiveVersion = 1;
	classes = {
	};
	objectVersion = 55;
	objects = {

/* Begin PBXBuildFile section */
		AA37D3FB275026F0009F8E36 /* APIUtils.swift in Sources */ = {isa = PBXBuildFile; fileRef = AA37D3FA275026F0009F8E36 /* APIUtils.swift */; };
		AA37D3FD27527793009F8E36 /* UserInformation.swift in Sources */ = {isa = PBXBuildFile; fileRef = AA37D3FC27527793009F8E36 /* UserInformation.swift */; };
		AA37D401275278F7009F8E36 /* UserAPI.swift in Sources */ = {isa = PBXBuildFile; fileRef = AA37D400275278F7009F8E36 /* UserAPI.swift */; };
		AA37D40327527A55009F8E36 /* UserInformationDataStore.swift in Sources */ = {isa = PBXBuildFile; fileRef = AA37D40227527A55009F8E36 /* UserInformationDataStore.swift */; };
		AA8620B82756211700A47FA2 /* AuctionAPI.swift in Sources */ = {isa = PBXBuildFile; fileRef = AA8620B72756211700A47FA2 /* AuctionAPI.swift */; };
		AA8E15B2275293200088E962 /* NotSignView.swift in Sources */ = {isa = PBXBuildFile; fileRef = AA8E15B1275293200088E962 /* NotSignView.swift */; };
		AA8E15B427529AA90088E962 /* ConnectionInformation.swift in Sources */ = {isa = PBXBuildFile; fileRef = AA8E15B327529AA90088E962 /* ConnectionInformation.swift */; };
		AAAD75EA274CCEC300858FA0 /* FindAnnouncements.swift in Sources */ = {isa = PBXBuildFile; fileRef = AAAD75E9274CCEC300858FA0 /* FindAnnouncements.swift */; };
		AAAD75EC274CD02B00858FA0 /* BidAnnouncementView.swift in Sources */ = {isa = PBXBuildFile; fileRef = AAAD75EB274CD02B00858FA0 /* BidAnnouncementView.swift */; };
		AADD3858275542BE00DF72BF /* AnnounceAPI.swift in Sources */ = {isa = PBXBuildFile; fileRef = AADD3857275542BE00DF72BF /* AnnounceAPI.swift */; };
		AADD385A27555DB000DF72BF /* Annonces.swift in Sources */ = {isa = PBXBuildFile; fileRef = AADD385927555DAF00DF72BF /* Annonces.swift */; };
		AAE1D8CB273E7C8400B93028 /* eBayMIAGEApp.swift in Sources */ = {isa = PBXBuildFile; fileRef = AAE1D8CA273E7C8400B93028 /* eBayMIAGEApp.swift */; };
		AAE1D8CF273E7C8900B93028 /* Assets.xcassets in Resources */ = {isa = PBXBuildFile; fileRef = AAE1D8CE273E7C8900B93028 /* Assets.xcassets */; };
		AAE1D8D2273E7C8900B93028 /* Preview Assets.xcassets in Resources */ = {isa = PBXBuildFile; fileRef = AAE1D8D1273E7C8900B93028 /* Preview Assets.xcassets */; };
		AAE1D8D9273FE49B00B93028 /* HomeView.swift in Sources */ = {isa = PBXBuildFile; fileRef = AAE1D8D8273FE49B00B93028 /* HomeView.swift */; };
		AAE1D8DB273FE9C300B93028 /* NewAnnouncementView.swift in Sources */ = {isa = PBXBuildFile; fileRef = AAE1D8DA273FE9C300B93028 /* NewAnnouncementView.swift */; };
		AAE1D8DF273FEC5400B93028 /* SignInView.swift in Sources */ = {isa = PBXBuildFile; fileRef = AAE1D8DE273FEC5400B93028 /* SignInView.swift */; };
		AAE1D8E1273FEC6000B93028 /* SignUpView.swift in Sources */ = {isa = PBXBuildFile; fileRef = AAE1D8E0273FEC6000B93028 /* SignUpView.swift */; };
		AAE1D8E7273FF27E00B93028 /* Annonce.swift in Sources */ = {isa = PBXBuildFile; fileRef = AAE1D8E6273FF27E00B93028 /* Annonce.swift */; };
		AAE1D8EA273FF2A900B93028 /* Utilisateur.swift in Sources */ = {isa = PBXBuildFile; fileRef = AAE1D8E9273FF2A900B93028 /* Utilisateur.swift */; };
		AAE1D8EC273FF2BD00B93028 /* Enchere.swift in Sources */ = {isa = PBXBuildFile; fileRef = AAE1D8EB273FF2BD00B93028 /* Enchere.swift */; };
		AAE1D8F127412AA300B93028 /* Buttons.swift in Sources */ = {isa = PBXBuildFile; fileRef = AAE1D8F027412AA300B93028 /* Buttons.swift */; };
		AAE1D8F4274141B000B93028 /* UtilisateurDataStore.swift in Sources */ = {isa = PBXBuildFile; fileRef = AAE1D8F3274141B000B93028 /* UtilisateurDataStore.swift */; };
		AAE1D8F627438CDD00B93028 /* MainTabView.swift in Sources */ = {isa = PBXBuildFile; fileRef = AAE1D8F527438CDD00B93028 /* MainTabView.swift */; };
		AAE1D8F92743944700B93028 /* ProfileView.swift in Sources */ = {isa = PBXBuildFile; fileRef = AAE1D8F82743944700B93028 /* ProfileView.swift */; };
/* End PBXBuildFile section */

/* Begin PBXFileReference section */
		AA37D3FA275026F0009F8E36 /* APIUtils.swift */ = {isa = PBXFileReference; lastKnownFileType = sourcecode.swift; path = APIUtils.swift; sourceTree = "<group>"; };
		AA37D3FC27527793009F8E36 /* UserInformation.swift */ = {isa = PBXFileReference; lastKnownFileType = sourcecode.swift; path = UserInformation.swift; sourceTree = "<group>"; };
		AA37D400275278F7009F8E36 /* UserAPI.swift */ = {isa = PBXFileReference; lastKnownFileType = sourcecode.swift; path = UserAPI.swift; sourceTree = "<group>"; };
		AA37D40227527A55009F8E36 /* UserInformationDataStore.swift */ = {isa = PBXFileReference; lastKnownFileType = sourcecode.swift; path = UserInformationDataStore.swift; sourceTree = "<group>"; };
		AA8620B72756211700A47FA2 /* AuctionAPI.swift */ = {isa = PBXFileReference; lastKnownFileType = sourcecode.swift; path = AuctionAPI.swift; sourceTree = "<group>"; };
		AA8E15B1275293200088E962 /* NotSignView.swift */ = {isa = PBXFileReference; lastKnownFileType = sourcecode.swift; path = NotSignView.swift; sourceTree = "<group>"; };
		AA8E15B327529AA90088E962 /* ConnectionInformation.swift */ = {isa = PBXFileReference; lastKnownFileType = sourcecode.swift; path = ConnectionInformation.swift; sourceTree = "<group>"; };
		AAAD75E9274CCEC300858FA0 /* FindAnnouncements.swift */ = {isa = PBXFileReference; lastKnownFileType = sourcecode.swift; path = FindAnnouncements.swift; sourceTree = "<group>"; };
		AAAD75EB274CD02B00858FA0 /* BidAnnouncementView.swift */ = {isa = PBXFileReference; lastKnownFileType = sourcecode.swift; path = BidAnnouncementView.swift; sourceTree = "<group>"; };
		AADD3857275542BE00DF72BF /* AnnounceAPI.swift */ = {isa = PBXFileReference; lastKnownFileType = sourcecode.swift; path = AnnounceAPI.swift; sourceTree = "<group>"; };
		AADD385927555DAF00DF72BF /* Annonces.swift */ = {isa = PBXFileReference; lastKnownFileType = sourcecode.swift; path = Annonces.swift; sourceTree = "<group>"; };
		AAE1D8C7273E7C8400B93028 /* eBayMIAGE.app */ = {isa = PBXFileReference; explicitFileType = wrapper.application; includeInIndex = 0; path = eBayMIAGE.app; sourceTree = BUILT_PRODUCTS_DIR; };
		AAE1D8CA273E7C8400B93028 /* eBayMIAGEApp.swift */ = {isa = PBXFileReference; lastKnownFileType = sourcecode.swift; path = eBayMIAGEApp.swift; sourceTree = "<group>"; };
		AAE1D8CE273E7C8900B93028 /* Assets.xcassets */ = {isa = PBXFileReference; lastKnownFileType = folder.assetcatalog; path = Assets.xcassets; sourceTree = "<group>"; };
		AAE1D8D1273E7C8900B93028 /* Preview Assets.xcassets */ = {isa = PBXFileReference; lastKnownFileType = folder.assetcatalog; path = "Preview Assets.xcassets"; sourceTree = "<group>"; };
		AAE1D8D8273FE49B00B93028 /* HomeView.swift */ = {isa = PBXFileReference; lastKnownFileType = sourcecode.swift; path = HomeView.swift; sourceTree = "<group>"; };
		AAE1D8DA273FE9C300B93028 /* NewAnnouncementView.swift */ = {isa = PBXFileReference; lastKnownFileType = sourcecode.swift; path = NewAnnouncementView.swift; sourceTree = "<group>"; };
		AAE1D8DE273FEC5400B93028 /* SignInView.swift */ = {isa = PBXFileReference; lastKnownFileType = sourcecode.swift; path = SignInView.swift; sourceTree = "<group>"; };
		AAE1D8E0273FEC6000B93028 /* SignUpView.swift */ = {isa = PBXFileReference; lastKnownFileType = sourcecode.swift; path = SignUpView.swift; sourceTree = "<group>"; };
		AAE1D8E6273FF27E00B93028 /* Annonce.swift */ = {isa = PBXFileReference; lastKnownFileType = sourcecode.swift; path = Annonce.swift; sourceTree = "<group>"; };
		AAE1D8E9273FF2A900B93028 /* Utilisateur.swift */ = {isa = PBXFileReference; lastKnownFileType = sourcecode.swift; path = Utilisateur.swift; sourceTree = "<group>"; };
		AAE1D8EB273FF2BD00B93028 /* Enchere.swift */ = {isa = PBXFileReference; lastKnownFileType = sourcecode.swift; path = Enchere.swift; sourceTree = "<group>"; };
		AAE1D8F027412AA300B93028 /* Buttons.swift */ = {isa = PBXFileReference; lastKnownFileType = sourcecode.swift; path = Buttons.swift; sourceTree = "<group>"; };
		AAE1D8F3274141B000B93028 /* UtilisateurDataStore.swift */ = {isa = PBXFileReference; lastKnownFileType = sourcecode.swift; path = UtilisateurDataStore.swift; sourceTree = "<group>"; };
		AAE1D8F527438CDD00B93028 /* MainTabView.swift */ = {isa = PBXFileReference; lastKnownFileType = sourcecode.swift; path = MainTabView.swift; sourceTree = "<group>"; };
		AAE1D8F82743944700B93028 /* ProfileView.swift */ = {isa = PBXFileReference; lastKnownFileType = sourcecode.swift; path = ProfileView.swift; sourceTree = "<group>"; };
/* End PBXFileReference section */

/* Begin PBXFrameworksBuildPhase section */
		AAE1D8C4273E7C8400B93028 /* Frameworks */ = {
			isa = PBXFrameworksBuildPhase;
			buildActionMask = 2147483647;
			files = (
			);
			runOnlyForDeploymentPostprocessing = 0;
		};
/* End PBXFrameworksBuildPhase section */

/* Begin PBXGroup section */
		AA37D3FE27527871009F8E36 /* API */ = {
			isa = PBXGroup;
			children = (
				AA37D3FA275026F0009F8E36 /* APIUtils.swift */,
				AA37D400275278F7009F8E36 /* UserAPI.swift */,
				AADD3857275542BE00DF72BF /* AnnounceAPI.swift */,
				AA8620B72756211700A47FA2 /* AuctionAPI.swift */,
			);
			path = API;
			sourceTree = "<group>";
		};
		AA37D3FF27527886009F8E36 /* Views */ = {
			isa = PBXGroup;
			children = (
				AAE1D8F527438CDD00B93028 /* MainTabView.swift */,
				AAE1D8F72743941F00B93028 /* Profile */,
				AAE1D8E3273FED0100B93028 /* Announcement */,
				AAE1D8E2273FEC6C00B93028 /* Sign */,
			);
			path = Views;
			sourceTree = "<group>";
		};
		AAE1D8BE273E7C8400B93028 = {
			isa = PBXGroup;
			children = (
				AAE1D8C9273E7C8400B93028 /* eBayMIAGE */,
				AAE1D8C8273E7C8400B93028 /* Products */,
			);
			sourceTree = "<group>";
		};
		AAE1D8C8273E7C8400B93028 /* Products */ = {
			isa = PBXGroup;
			children = (
				AAE1D8C7273E7C8400B93028 /* eBayMIAGE.app */,
			);
			name = Products;
			sourceTree = "<group>";
		};
		AAE1D8C9273E7C8400B93028 /* eBayMIAGE */ = {
			isa = PBXGroup;
			children = (
				AAE1D8CA273E7C8400B93028 /* eBayMIAGEApp.swift */,
				AAE1D8EF27412A9300B93028 /* Util */,
				AA37D3FE27527871009F8E36 /* API */,
				AAE1D8E8273FF28800B93028 /* Model */,
				AAE1D8F22741419600B93028 /* ViewModel */,
				AA37D3FF27527886009F8E36 /* Views */,
				AAE1D8CE273E7C8900B93028 /* Assets.xcassets */,
				AAE1D8D0273E7C8900B93028 /* Preview Content */,
			);
			path = eBayMIAGE;
			sourceTree = "<group>";
		};
		AAE1D8D0273E7C8900B93028 /* Preview Content */ = {
			isa = PBXGroup;
			children = (
				AAE1D8D1273E7C8900B93028 /* Preview Assets.xcassets */,
			);
			path = "Preview Content";
			sourceTree = "<group>";
		};
		AAE1D8E2273FEC6C00B93028 /* Sign */ = {
			isa = PBXGroup;
			children = (
				AAE1D8E0273FEC6000B93028 /* SignUpView.swift */,
				AAE1D8DE273FEC5400B93028 /* SignInView.swift */,
				AA8E15B1275293200088E962 /* NotSignView.swift */,
			);
			path = Sign;
			sourceTree = "<group>";
		};
		AAE1D8E3273FED0100B93028 /* Announcement */ = {
			isa = PBXGroup;
			children = (
				AAE1D8D8273FE49B00B93028 /* HomeView.swift */,
				AAE1D8DA273FE9C300B93028 /* NewAnnouncementView.swift */,
				AAAD75E9274CCEC300858FA0 /* FindAnnouncements.swift */,
				AAAD75EB274CD02B00858FA0 /* BidAnnouncementView.swift */,
			);
			path = Announcement;
			sourceTree = "<group>";
		};
		AAE1D8E8273FF28800B93028 /* Model */ = {
			isa = PBXGroup;
			children = (
				AAE1D8E6273FF27E00B93028 /* Annonce.swift */,
				AAE1D8E9273FF2A900B93028 /* Utilisateur.swift */,
				AAE1D8EB273FF2BD00B93028 /* Enchere.swift */,
				AA37D3FC27527793009F8E36 /* UserInformation.swift */,
				AA8E15B327529AA90088E962 /* ConnectionInformation.swift */,
			);
			path = Model;
			sourceTree = "<group>";
		};
		AAE1D8EF27412A9300B93028 /* Util */ = {
			isa = PBXGroup;
			children = (
				AAE1D8F027412AA300B93028 /* Buttons.swift */,
			);
			path = Util;
			sourceTree = "<group>";
		};
		AAE1D8F22741419600B93028 /* ViewModel */ = {
			isa = PBXGroup;
			children = (
				AAE1D8F3274141B000B93028 /* UtilisateurDataStore.swift */,
				AA37D40227527A55009F8E36 /* UserInformationDataStore.swift */,
				AADD385927555DAF00DF72BF /* Annonces.swift */,
			);
			path = ViewModel;
			sourceTree = "<group>";
		};
		AAE1D8F72743941F00B93028 /* Profile */ = {
			isa = PBXGroup;
			children = (
				AAE1D8F82743944700B93028 /* ProfileView.swift */,
			);
			path = Profile;
			sourceTree = "<group>";
		};
/* End PBXGroup section */

/* Begin PBXNativeTarget section */
		AAE1D8C6273E7C8400B93028 /* eBayMIAGE */ = {
			isa = PBXNativeTarget;
			buildConfigurationList = AAE1D8D5273E7C8900B93028 /* Build configuration list for PBXNativeTarget "eBayMIAGE" */;
			buildPhases = (
				AAE1D8C3273E7C8400B93028 /* Sources */,
				AAE1D8C4273E7C8400B93028 /* Frameworks */,
				AAE1D8C5273E7C8400B93028 /* Resources */,
			);
			buildRules = (
			);
			dependencies = (
			);
			name = eBayMIAGE;
			productName = eBayMIAGE;
			productReference = AAE1D8C7273E7C8400B93028 /* eBayMIAGE.app */;
			productType = "com.apple.product-type.application";
		};
/* End PBXNativeTarget section */

/* Begin PBXProject section */
		AAE1D8BF273E7C8400B93028 /* Project object */ = {
			isa = PBXProject;
			attributes = {
				BuildIndependentTargetsInParallel = 1;
				LastSwiftUpdateCheck = 1310;
				LastUpgradeCheck = 1310;
				TargetAttributes = {
					AAE1D8C6273E7C8400B93028 = {
						CreatedOnToolsVersion = 13.1;
					};
				};
			};
			buildConfigurationList = AAE1D8C2273E7C8400B93028 /* Build configuration list for PBXProject "eBayMIAGE" */;
			compatibilityVersion = "Xcode 13.0";
			developmentRegion = en;
			hasScannedForEncodings = 0;
			knownRegions = (
				en,
				Base,
			);
			mainGroup = AAE1D8BE273E7C8400B93028;
			productRefGroup = AAE1D8C8273E7C8400B93028 /* Products */;
			projectDirPath = "";
			projectRoot = "";
			targets = (
				AAE1D8C6273E7C8400B93028 /* eBayMIAGE */,
			);
		};
/* End PBXProject section */

/* Begin PBXResourcesBuildPhase section */
		AAE1D8C5273E7C8400B93028 /* Resources */ = {
			isa = PBXResourcesBuildPhase;
			buildActionMask = 2147483647;
			files = (
				AAE1D8D2273E7C8900B93028 /* Preview Assets.xcassets in Resources */,
				AAE1D8CF273E7C8900B93028 /* Assets.xcassets in Resources */,
			);
			runOnlyForDeploymentPostprocessing = 0;
		};
/* End PBXResourcesBuildPhase section */

/* Begin PBXSourcesBuildPhase section */
		AAE1D8C3273E7C8400B93028 /* Sources */ = {
			isa = PBXSourcesBuildPhase;
			buildActionMask = 2147483647;
			files = (
				AA37D3FD27527793009F8E36 /* UserInformation.swift in Sources */,
				AADD3858275542BE00DF72BF /* AnnounceAPI.swift in Sources */,
				AAAD75EC274CD02B00858FA0 /* BidAnnouncementView.swift in Sources */,
				AAE1D8EC273FF2BD00B93028 /* Enchere.swift in Sources */,
				AAE1D8DF273FEC5400B93028 /* SignInView.swift in Sources */,
				AAE1D8EA273FF2A900B93028 /* Utilisateur.swift in Sources */,
				AAAD75EA274CCEC300858FA0 /* FindAnnouncements.swift in Sources */,
				AA37D40327527A55009F8E36 /* UserInformationDataStore.swift in Sources */,
				AAE1D8F92743944700B93028 /* ProfileView.swift in Sources */,
				AAE1D8F4274141B000B93028 /* UtilisateurDataStore.swift in Sources */,
				AAE1D8DB273FE9C300B93028 /* NewAnnouncementView.swift in Sources */,
				AAE1D8E7273FF27E00B93028 /* Annonce.swift in Sources */,
				AAE1D8E1273FEC6000B93028 /* SignUpView.swift in Sources */,
				AAE1D8F127412AA300B93028 /* Buttons.swift in Sources */,
				AA8E15B2275293200088E962 /* NotSignView.swift in Sources */,
				AADD385A27555DB000DF72BF /* Annonces.swift in Sources */,
				AA8E15B427529AA90088E962 /* ConnectionInformation.swift in Sources */,
				AA8620B82756211700A47FA2 /* AuctionAPI.swift in Sources */,
				AAE1D8CB273E7C8400B93028 /* eBayMIAGEApp.swift in Sources */,
				AAE1D8F627438CDD00B93028 /* MainTabView.swift in Sources */,
				AA37D3FB275026F0009F8E36 /* APIUtils.swift in Sources */,
				AAE1D8D9273FE49B00B93028 /* HomeView.swift in Sources */,
				AA37D401275278F7009F8E36 /* UserAPI.swift in Sources */,
			);
			runOnlyForDeploymentPostprocessing = 0;
		};
/* End PBXSourcesBuildPhase section */

/* Begin XCBuildConfiguration section */
		AAE1D8D3273E7C8900B93028 /* Debug */ = {
			isa = XCBuildConfiguration;
			buildSettings = {
				ALWAYS_SEARCH_USER_PATHS = NO;
				CLANG_ANALYZER_NONNULL = YES;
				CLANG_ANALYZER_NUMBER_OBJECT_CONVERSION = YES_AGGRESSIVE;
				CLANG_CXX_LANGUAGE_STANDARD = "gnu++17";
				CLANG_CXX_LIBRARY = "libc++";
				CLANG_ENABLE_MODULES = YES;
				CLANG_ENABLE_OBJC_ARC = YES;
				CLANG_ENABLE_OBJC_WEAK = YES;
				CLANG_WARN_BLOCK_CAPTURE_AUTORELEASING = YES;
				CLANG_WARN_BOOL_CONVERSION = YES;
				CLANG_WARN_COMMA = YES;
				CLANG_WARN_CONSTANT_CONVERSION = YES;
				CLANG_WARN_DEPRECATED_OBJC_IMPLEMENTATIONS = YES;
				CLANG_WARN_DIRECT_OBJC_ISA_USAGE = YES_ERROR;
				CLANG_WARN_DOCUMENTATION_COMMENTS = YES;
				CLANG_WARN_EMPTY_BODY = YES;
				CLANG_WARN_ENUM_CONVERSION = YES;
				CLANG_WARN_INFINITE_RECURSION = YES;
				CLANG_WARN_INT_CONVERSION = YES;
				CLANG_WARN_NON_LITERAL_NULL_CONVERSION = YES;
				CLANG_WARN_OBJC_IMPLICIT_RETAIN_SELF = YES;
				CLANG_WARN_OBJC_LITERAL_CONVERSION = YES;
				CLANG_WARN_OBJC_ROOT_CLASS = YES_ERROR;
				CLANG_WARN_QUOTED_INCLUDE_IN_FRAMEWORK_HEADER = YES;
				CLANG_WARN_RANGE_LOOP_ANALYSIS = YES;
				CLANG_WARN_STRICT_PROTOTYPES = YES;
				CLANG_WARN_SUSPICIOUS_MOVE = YES;
				CLANG_WARN_UNGUARDED_AVAILABILITY = YES_AGGRESSIVE;
				CLANG_WARN_UNREACHABLE_CODE = YES;
				CLANG_WARN__DUPLICATE_METHOD_MATCH = YES;
				COPY_PHASE_STRIP = NO;
				DEBUG_INFORMATION_FORMAT = dwarf;
				ENABLE_STRICT_OBJC_MSGSEND = YES;
				ENABLE_TESTABILITY = YES;
				GCC_C_LANGUAGE_STANDARD = gnu11;
				GCC_DYNAMIC_NO_PIC = NO;
				GCC_NO_COMMON_BLOCKS = YES;
				GCC_OPTIMIZATION_LEVEL = 0;
				GCC_PREPROCESSOR_DEFINITIONS = (
					"DEBUG=1",
					"$(inherited)",
				);
				GCC_WARN_64_TO_32_BIT_CONVERSION = YES;
				GCC_WARN_ABOUT_RETURN_TYPE = YES_ERROR;
				GCC_WARN_UNDECLARED_SELECTOR = YES;
				GCC_WARN_UNINITIALIZED_AUTOS = YES_AGGRESSIVE;
				GCC_WARN_UNUSED_FUNCTION = YES;
				GCC_WARN_UNUSED_VARIABLE = YES;
				IPHONEOS_DEPLOYMENT_TARGET = 15.0;
				MTL_ENABLE_DEBUG_INFO = INCLUDE_SOURCE;
				MTL_FAST_MATH = YES;
				ONLY_ACTIVE_ARCH = YES;
				SDKROOT = iphoneos;
				SWIFT_ACTIVE_COMPILATION_CONDITIONS = DEBUG;
				SWIFT_OPTIMIZATION_LEVEL = "-Onone";
			};
			name = Debug;
		};
		AAE1D8D4273E7C8900B93028 /* Release */ = {
			isa = XCBuildConfiguration;
			buildSettings = {
				ALWAYS_SEARCH_USER_PATHS = NO;
				CLANG_ANALYZER_NONNULL = YES;
				CLANG_ANALYZER_NUMBER_OBJECT_CONVERSION = YES_AGGRESSIVE;
				CLANG_CXX_LANGUAGE_STANDARD = "gnu++17";
				CLANG_CXX_LIBRARY = "libc++";
				CLANG_ENABLE_MODULES = YES;
				CLANG_ENABLE_OBJC_ARC = YES;
				CLANG_ENABLE_OBJC_WEAK = YES;
				CLANG_WARN_BLOCK_CAPTURE_AUTORELEASING = YES;
				CLANG_WARN_BOOL_CONVERSION = YES;
				CLANG_WARN_COMMA = YES;
				CLANG_WARN_CONSTANT_CONVERSION = YES;
				CLANG_WARN_DEPRECATED_OBJC_IMPLEMENTATIONS = YES;
				CLANG_WARN_DIRECT_OBJC_ISA_USAGE = YES_ERROR;
				CLANG_WARN_DOCUMENTATION_COMMENTS = YES;
				CLANG_WARN_EMPTY_BODY = YES;
				CLANG_WARN_ENUM_CONVERSION = YES;
				CLANG_WARN_INFINITE_RECURSION = YES;
				CLANG_WARN_INT_CONVERSION = YES;
				CLANG_WARN_NON_LITERAL_NULL_CONVERSION = YES;
				CLANG_WARN_OBJC_IMPLICIT_RETAIN_SELF = YES;
				CLANG_WARN_OBJC_LITERAL_CONVERSION = YES;
				CLANG_WARN_OBJC_ROOT_CLASS = YES_ERROR;
				CLANG_WARN_QUOTED_INCLUDE_IN_FRAMEWORK_HEADER = YES;
				CLANG_WARN_RANGE_LOOP_ANALYSIS = YES;
				CLANG_WARN_STRICT_PROTOTYPES = YES;
				CLANG_WARN_SUSPICIOUS_MOVE = YES;
				CLANG_WARN_UNGUARDED_AVAILABILITY = YES_AGGRESSIVE;
				CLANG_WARN_UNREACHABLE_CODE = YES;
				CLANG_WARN__DUPLICATE_METHOD_MATCH = YES;
				COPY_PHASE_STRIP = NO;
				DEBUG_INFORMATION_FORMAT = "dwarf-with-dsym";
				ENABLE_NS_ASSERTIONS = NO;
				ENABLE_STRICT_OBJC_MSGSEND = YES;
				GCC_C_LANGUAGE_STANDARD = gnu11;
				GCC_NO_COMMON_BLOCKS = YES;
				GCC_WARN_64_TO_32_BIT_CONVERSION = YES;
				GCC_WARN_ABOUT_RETURN_TYPE = YES_ERROR;
				GCC_WARN_UNDECLARED_SELECTOR = YES;
				GCC_WARN_UNINITIALIZED_AUTOS = YES_AGGRESSIVE;
				GCC_WARN_UNUSED_FUNCTION = YES;
				GCC_WARN_UNUSED_VARIABLE = YES;
				IPHONEOS_DEPLOYMENT_TARGET = 15.0;
				MTL_ENABLE_DEBUG_INFO = NO;
				MTL_FAST_MATH = YES;
				SDKROOT = iphoneos;
				SWIFT_COMPILATION_MODE = wholemodule;
				SWIFT_OPTIMIZATION_LEVEL = "-O";
				VALIDATE_PRODUCT = YES;
			};
			name = Release;
		};
		AAE1D8D6273E7C8900B93028 /* Debug */ = {
			isa = XCBuildConfiguration;
			buildSettings = {
				ASSETCATALOG_COMPILER_APPICON_NAME = AppIcon;
				ASSETCATALOG_COMPILER_GLOBAL_ACCENT_COLOR_NAME = AccentColor;
				CODE_SIGN_IDENTITY = "Apple Development";
				CODE_SIGN_STYLE = Automatic;
				CURRENT_PROJECT_VERSION = 1;
				DEVELOPMENT_ASSET_PATHS = "\"eBayMIAGE/Preview Content\"";
				DEVELOPMENT_TEAM = QQR8XPJ799;
				ENABLE_PREVIEWS = YES;
				GENERATE_INFOPLIST_FILE = YES;
				INFOPLIST_KEY_UIApplicationSceneManifest_Generation = YES;
				INFOPLIST_KEY_UIApplicationSupportsIndirectInputEvents = YES;
				INFOPLIST_KEY_UILaunchScreen_Generation = YES;
				INFOPLIST_KEY_UISupportedInterfaceOrientations_iPad = "UIInterfaceOrientationPortrait UIInterfaceOrientationPortraitUpsideDown UIInterfaceOrientationLandscapeLeft UIInterfaceOrientationLandscapeRight";
				INFOPLIST_KEY_UISupportedInterfaceOrientations_iPhone = "UIInterfaceOrientationPortrait UIInterfaceOrientationLandscapeLeft UIInterfaceOrientationLandscapeRight";
				LD_RUNPATH_SEARCH_PATHS = (
					"$(inherited)",
					"@executable_path/Frameworks",
				);
				MARKETING_VERSION = 1.0;
				PRODUCT_BUNDLE_IDENTIFIER = com.miage.toulouse.eBayMIAGE;
				PRODUCT_NAME = "$(TARGET_NAME)";
				PROVISIONING_PROFILE_SPECIFIER = "";
				SWIFT_EMIT_LOC_STRINGS = YES;
				SWIFT_VERSION = 5.0;
				TARGETED_DEVICE_FAMILY = "1,2";
			};
			name = Debug;
		};
		AAE1D8D7273E7C8900B93028 /* Release */ = {
			isa = XCBuildConfiguration;
			buildSettings = {
				ASSETCATALOG_COMPILER_APPICON_NAME = AppIcon;
				ASSETCATALOG_COMPILER_GLOBAL_ACCENT_COLOR_NAME = AccentColor;
				CODE_SIGN_IDENTITY = "Apple Development";
				CODE_SIGN_STYLE = Automatic;
				CURRENT_PROJECT_VERSION = 1;
				DEVELOPMENT_ASSET_PATHS = "\"eBayMIAGE/Preview Content\"";
				DEVELOPMENT_TEAM = QQR8XPJ799;
				ENABLE_PREVIEWS = YES;
				GENERATE_INFOPLIST_FILE = YES;
				INFOPLIST_KEY_UIApplicationSceneManifest_Generation = YES;
				INFOPLIST_KEY_UIApplicationSupportsIndirectInputEvents = YES;
				INFOPLIST_KEY_UILaunchScreen_Generation = YES;
				INFOPLIST_KEY_UISupportedInterfaceOrientations_iPad = "UIInterfaceOrientationPortrait UIInterfaceOrientationPortraitUpsideDown UIInterfaceOrientationLandscapeLeft UIInterfaceOrientationLandscapeRight";
				INFOPLIST_KEY_UISupportedInterfaceOrientations_iPhone = "UIInterfaceOrientationPortrait UIInterfaceOrientationLandscapeLeft UIInterfaceOrientationLandscapeRight";
				LD_RUNPATH_SEARCH_PATHS = (
					"$(inherited)",
					"@executable_path/Frameworks",
				);
				MARKETING_VERSION = 1.0;
				PRODUCT_BUNDLE_IDENTIFIER = com.miage.toulouse.eBayMIAGE;
				PRODUCT_NAME = "$(TARGET_NAME)";
				PROVISIONING_PROFILE_SPECIFIER = "";
				SWIFT_EMIT_LOC_STRINGS = YES;
				SWIFT_VERSION = 5.0;
				TARGETED_DEVICE_FAMILY = "1,2";
			};
			name = Release;
		};
/* End XCBuildConfiguration section */

/* Begin XCConfigurationList section */
		AAE1D8C2273E7C8400B93028 /* Build configuration list for PBXProject "eBayMIAGE" */ = {
			isa = XCConfigurationList;
			buildConfigurations = (
				AAE1D8D3273E7C8900B93028 /* Debug */,
				AAE1D8D4273E7C8900B93028 /* Release */,
			);
			defaultConfigurationIsVisible = 0;
			defaultConfigurationName = Release;
		};
		AAE1D8D5273E7C8900B93028 /* Build configuration list for PBXNativeTarget "eBayMIAGE" */ = {
			isa = XCConfigurationList;
			buildConfigurations = (
				AAE1D8D6273E7C8900B93028 /* Debug */,
				AAE1D8D7273E7C8900B93028 /* Release */,
			);
			defaultConfigurationIsVisible = 0;
			defaultConfigurationName = Release;
		};
/* End XCConfigurationList section */
	};
	rootObject = AAE1D8BF273E7C8400B93028 /* Project object */;
}
